// !$*UTF8*$!
{
	archiveVersion = 1;
	classes = {
	};
	objectVersion = 46;
	objects = {

/* Begin PBXBuildFile section */
		176E88A21EA13D1800878560 /* WEAddFoodViewController.swift in Sources */ = {isa = PBXBuildFile; fileRef = 176E88A11EA13D1800878560 /* WEAddFoodViewController.swift */; };
		176E88A51EA1415000878560 /* AlreadyFood.plist in Resources */ = {isa = PBXBuildFile; fileRef = 176E88A41EA1415000878560 /* AlreadyFood.plist */; };
		176E88CD1EA147FB00878560 /* WEFoodModel.swift in Sources */ = {isa = PBXBuildFile; fileRef = 176E88CC1EA147FB00878560 /* WEFoodModel.swift */; };
		BD27F30E1EA466E400490CC0 /* WEFoodViewModel.swift in Sources */ = {isa = PBXBuildFile; fileRef = BD27F30D1EA466E400490CC0 /* WEFoodViewModel.swift */; };
		BD27F3111EA491FA00490CC0 /* collectionFood.xcdatamodeld in Sources */ = {isa = PBXBuildFile; fileRef = BD27F30F1EA491FA00490CC0 /* collectionFood.xcdatamodeld */; };
		BD27F3131EA4938A00490CC0 /* CoreData.framework in Frameworks */ = {isa = PBXBuildFile; fileRef = BD27F3121EA4938A00490CC0 /* CoreData.framework */; };
		BD484FAA1EA5A23A00171A05 /* CoreDataHelper.swift in Sources */ = {isa = PBXBuildFile; fileRef = BD484FA91EA5A23A00171A05 /* CoreDataHelper.swift */; };
		BD484FAD1EA5A2CC00171A05 /* FoodDB+CoreDataClass.swift in Sources */ = {isa = PBXBuildFile; fileRef = BD484FAB1EA5A2CC00171A05 /* FoodDB+CoreDataClass.swift */; };
		BD484FAE1EA5A2CC00171A05 /* FoodDB+CoreDataProperties.swift in Sources */ = {isa = PBXBuildFile; fileRef = BD484FAC1EA5A2CC00171A05 /* FoodDB+CoreDataProperties.swift */; };
		BD484FB01EA5A3B700171A05 /* ZXStoreManager.swift in Sources */ = {isa = PBXBuildFile; fileRef = BD484FAF1EA5A3B700171A05 /* ZXStoreManager.swift */; };
		BD484FB21EA5B21200171A05 /* WEAddFoodTableViewCell.swift in Sources */ = {isa = PBXBuildFile; fileRef = BD484FB11EA5B21200171A05 /* WEAddFoodTableViewCell.swift */; };
		BD484FB41EA5B68100171A05 /* WEConfigureFile.swift in Sources */ = {isa = PBXBuildFile; fileRef = BD484FB31EA5B68100171A05 /* WEConfigureFile.swift */; };
		BD484FB61EA5BBA700171A05 /* WEFoodTextViewTableViewCell.swift in Sources */ = {isa = PBXBuildFile; fileRef = BD484FB51EA5BBA700171A05 /* WEFoodTextViewTableViewCell.swift */; };
		BD484FBF1EA5BC4100171A05 /* SZTextView.m in Sources */ = {isa = PBXBuildFile; fileRef = BD484FBE1EA5BC4100171A05 /* SZTextView.m */; };
		BD484FC31EA5C34600171A05 /* WEButtonTableViewCell.swift in Sources */ = {isa = PBXBuildFile; fileRef = BD484FC21EA5C34600171A05 /* WEButtonTableViewCell.swift */; };
		BD5EA3F91EA84D11000C9683 /* LotteryRouletteView.m in Sources */ = {isa = PBXBuildFile; fileRef = BD5EA3F81EA84D11000C9683 /* LotteryRouletteView.m */; };
		BD93FBFA1E9733B3006834F1 /* AppDelegate.swift in Sources */ = {isa = PBXBuildFile; fileRef = BD93FBF91E9733B3006834F1 /* AppDelegate.swift */; };
		BD93FC011E9733B3006834F1 /* Assets.xcassets in Resources */ = {isa = PBXBuildFile; fileRef = BD93FC001E9733B3006834F1 /* Assets.xcassets */; };
		BD93FC041E9733B3006834F1 /* LaunchScreen.storyboard in Resources */ = {isa = PBXBuildFile; fileRef = BD93FC021E9733B3006834F1 /* LaunchScreen.storyboard */; };
		BD93FC0F1E9733B3006834F1 /* TodayToEatTests.swift in Sources */ = {isa = PBXBuildFile; fileRef = BD93FC0E1E9733B3006834F1 /* TodayToEatTests.swift */; };
		BD93FC1A1E9733B3006834F1 /* TodayToEatUITests.swift in Sources */ = {isa = PBXBuildFile; fileRef = BD93FC191E9733B3006834F1 /* TodayToEatUITests.swift */; };
		BD93FC3C1E97362B006834F1 /* WEBaseMainViewController.swift in Sources */ = {isa = PBXBuildFile; fileRef = BD93FC3B1E97362B006834F1 /* WEBaseMainViewController.swift */; };
		BD93FC3E1E973698006834F1 /* WECollectionFoodViewController.swift in Sources */ = {isa = PBXBuildFile; fileRef = BD93FC3D1E973698006834F1 /* WECollectionFoodViewController.swift */; };
		BD93FC401E9736A7006834F1 /* WEFoodDrawViewController.swift in Sources */ = {isa = PBXBuildFile; fileRef = BD93FC3F1E9736A7006834F1 /* WEFoodDrawViewController.swift */; };
		BD93FC421E9736B3006834F1 /* WEFoodMenuViewController.swift in Sources */ = {isa = PBXBuildFile; fileRef = BD93FC411E9736B3006834F1 /* WEFoodMenuViewController.swift */; };
		BD93FC441E973EDA006834F1 /* WETestView.swift in Sources */ = {isa = PBXBuildFile; fileRef = BD93FC431E973EDA006834F1 /* WETestView.swift */; };
		BD93FC461E9768E0006834F1 /* WEBaseNavigationController.swift in Sources */ = {isa = PBXBuildFile; fileRef = BD93FC451E9768E0006834F1 /* WEBaseNavigationController.swift */; };
		BD93FC481E976900006834F1 /* FoodMenu.storyboard in Resources */ = {isa = PBXBuildFile; fileRef = BD93FC471E976900006834F1 /* FoodMenu.storyboard */; };
		BD9A10901E9B1D0D00A5C5B9 /* BaiduMapAPI_Base.framework in Frameworks */ = {isa = PBXBuildFile; fileRef = BD9A10891E9B1D0C00A5C5B9 /* BaiduMapAPI_Base.framework */; };
		BD9A10911E9B1D0D00A5C5B9 /* BaiduMapAPI_Cloud.framework in Frameworks */ = {isa = PBXBuildFile; fileRef = BD9A108A1E9B1D0C00A5C5B9 /* BaiduMapAPI_Cloud.framework */; };
		BD9A10921E9B1D0D00A5C5B9 /* BaiduMapAPI_Location.framework in Frameworks */ = {isa = PBXBuildFile; fileRef = BD9A108B1E9B1D0C00A5C5B9 /* BaiduMapAPI_Location.framework */; };
		BD9A10931E9B1D0D00A5C5B9 /* BaiduMapAPI_Map.framework in Frameworks */ = {isa = PBXBuildFile; fileRef = BD9A108C1E9B1D0C00A5C5B9 /* BaiduMapAPI_Map.framework */; };
		BD9A10941E9B1D0D00A5C5B9 /* BaiduMapAPI_Radar.framework in Frameworks */ = {isa = PBXBuildFile; fileRef = BD9A108D1E9B1D0C00A5C5B9 /* BaiduMapAPI_Radar.framework */; };
		BD9A10951E9B1D0D00A5C5B9 /* BaiduMapAPI_Search.framework in Frameworks */ = {isa = PBXBuildFile; fileRef = BD9A108E1E9B1D0C00A5C5B9 /* BaiduMapAPI_Search.framework */; };
		BD9A10961E9B1D0D00A5C5B9 /* BaiduMapAPI_Utils.framework in Frameworks */ = {isa = PBXBuildFile; fileRef = BD9A108F1E9B1D0C00A5C5B9 /* BaiduMapAPI_Utils.framework */; };
		BD9A109E1E9B1E9700A5C5B9 /* libcrypto.a in Frameworks */ = {isa = PBXBuildFile; fileRef = BD9A109C1E9B1E9700A5C5B9 /* libcrypto.a */; };
		BD9A109F1E9B1E9700A5C5B9 /* libssl.a in Frameworks */ = {isa = PBXBuildFile; fileRef = BD9A109D1E9B1E9700A5C5B9 /* libssl.a */; };
		BD9A10A21E9B234600A5C5B9 /* CoreLocation.framework in Frameworks */ = {isa = PBXBuildFile; fileRef = BD9A10A11E9B234600A5C5B9 /* CoreLocation.framework */; };
		BD9A10A41E9B235000A5C5B9 /* QuartzCore.framework in Frameworks */ = {isa = PBXBuildFile; fileRef = BD9A10A31E9B235000A5C5B9 /* QuartzCore.framework */; };
		BD9A10A61E9B235800A5C5B9 /* OpenGLES.framework in Frameworks */ = {isa = PBXBuildFile; fileRef = BD9A10A51E9B235800A5C5B9 /* OpenGLES.framework */; };
		BD9A10A81E9B235F00A5C5B9 /* SystemConfiguration.framework in Frameworks */ = {isa = PBXBuildFile; fileRef = BD9A10A71E9B235F00A5C5B9 /* SystemConfiguration.framework */; };
		BD9A10AA1E9B236800A5C5B9 /* CoreGraphics.framework in Frameworks */ = {isa = PBXBuildFile; fileRef = BD9A10A91E9B236800A5C5B9 /* CoreGraphics.framework */; };
		BD9A10AC1E9B237700A5C5B9 /* Security.framework in Frameworks */ = {isa = PBXBuildFile; fileRef = BD9A10AB1E9B237700A5C5B9 /* Security.framework */; };
		BD9A10AE1E9B237F00A5C5B9 /* libsqlite3.0.tbd in Frameworks */ = {isa = PBXBuildFile; fileRef = BD9A10AD1E9B237F00A5C5B9 /* libsqlite3.0.tbd */; };
		BD9A10B01E9B238900A5C5B9 /* CoreTelephony.framework in Frameworks */ = {isa = PBXBuildFile; fileRef = BD9A10AF1E9B238900A5C5B9 /* CoreTelephony.framework */; };
		BD9A10B21E9B239300A5C5B9 /* libstdc++.6.0.9.tbd in Frameworks */ = {isa = PBXBuildFile; fileRef = BD9A10B11E9B239300A5C5B9 /* libstdc++.6.0.9.tbd */; };
		BD9A10B51E9B2C8000A5C5B9 /* mapapi.bundle in Resources */ = {isa = PBXBuildFile; fileRef = BD9A10B41E9B2C8000A5C5B9 /* mapapi.bundle */; };
		BDB0C1201EA600BC0060C30E /* Constraint.swift in Sources */ = {isa = PBXBuildFile; fileRef = BDB0C0FD1EA600BC0060C30E /* Constraint.swift */; };
		BDB0C1211EA600BC0060C30E /* ConstraintAttributes.swift in Sources */ = {isa = PBXBuildFile; fileRef = BDB0C0FE1EA600BC0060C30E /* ConstraintAttributes.swift */; };
		BDB0C1221EA600BC0060C30E /* ConstraintConfig.swift in Sources */ = {isa = PBXBuildFile; fileRef = BDB0C0FF1EA600BC0060C30E /* ConstraintConfig.swift */; };
		BDB0C1231EA600BC0060C30E /* ConstraintConstantTarget.swift in Sources */ = {isa = PBXBuildFile; fileRef = BDB0C1001EA600BC0060C30E /* ConstraintConstantTarget.swift */; };
		BDB0C1241EA600BC0060C30E /* ConstraintDescription.swift in Sources */ = {isa = PBXBuildFile; fileRef = BDB0C1011EA600BC0060C30E /* ConstraintDescription.swift */; };
		BDB0C1251EA600BC0060C30E /* ConstraintDSL.swift in Sources */ = {isa = PBXBuildFile; fileRef = BDB0C1021EA600BC0060C30E /* ConstraintDSL.swift */; };
		BDB0C1261EA600BC0060C30E /* ConstraintInsets.swift in Sources */ = {isa = PBXBuildFile; fileRef = BDB0C1031EA600BC0060C30E /* ConstraintInsets.swift */; };
		BDB0C1271EA600BC0060C30E /* ConstraintInsetTarget.swift in Sources */ = {isa = PBXBuildFile; fileRef = BDB0C1041EA600BC0060C30E /* ConstraintInsetTarget.swift */; };
		BDB0C1281EA600BC0060C30E /* ConstraintItem.swift in Sources */ = {isa = PBXBuildFile; fileRef = BDB0C1051EA600BC0060C30E /* ConstraintItem.swift */; };
		BDB0C1291EA600BC0060C30E /* ConstraintLayoutGuide+Extensions.swift in Sources */ = {isa = PBXBuildFile; fileRef = BDB0C1061EA600BC0060C30E /* ConstraintLayoutGuide+Extensions.swift */; };
		BDB0C12A1EA600BC0060C30E /* ConstraintLayoutGuide.swift in Sources */ = {isa = PBXBuildFile; fileRef = BDB0C1071EA600BC0060C30E /* ConstraintLayoutGuide.swift */; };
		BDB0C12B1EA600BC0060C30E /* ConstraintLayoutGuideDSL.swift in Sources */ = {isa = PBXBuildFile; fileRef = BDB0C1081EA600BC0060C30E /* ConstraintLayoutGuideDSL.swift */; };
		BDB0C12C1EA600BC0060C30E /* ConstraintLayoutSupport.swift in Sources */ = {isa = PBXBuildFile; fileRef = BDB0C1091EA600BC0060C30E /* ConstraintLayoutSupport.swift */; };
		BDB0C12D1EA600BC0060C30E /* ConstraintLayoutSupportDSL.swift in Sources */ = {isa = PBXBuildFile; fileRef = BDB0C10A1EA600BC0060C30E /* ConstraintLayoutSupportDSL.swift */; };
		BDB0C12E1EA600BC0060C30E /* ConstraintMaker.swift in Sources */ = {isa = PBXBuildFile; fileRef = BDB0C10B1EA600BC0060C30E /* ConstraintMaker.swift */; };
		BDB0C12F1EA600BC0060C30E /* ConstraintMakerEditable.swift in Sources */ = {isa = PBXBuildFile; fileRef = BDB0C10C1EA600BC0060C30E /* ConstraintMakerEditable.swift */; };
		BDB0C1301EA600BC0060C30E /* ConstraintMakerExtendable.swift in Sources */ = {isa = PBXBuildFile; fileRef = BDB0C10D1EA600BC0060C30E /* ConstraintMakerExtendable.swift */; };
		BDB0C1311EA600BC0060C30E /* ConstraintMakerFinalizable.swift in Sources */ = {isa = PBXBuildFile; fileRef = BDB0C10E1EA600BC0060C30E /* ConstraintMakerFinalizable.swift */; };
		BDB0C1321EA600BC0060C30E /* ConstraintMakerPriortizable.swift in Sources */ = {isa = PBXBuildFile; fileRef = BDB0C10F1EA600BC0060C30E /* ConstraintMakerPriortizable.swift */; };
		BDB0C1331EA600BC0060C30E /* ConstraintMakerRelatable.swift in Sources */ = {isa = PBXBuildFile; fileRef = BDB0C1101EA600BC0060C30E /* ConstraintMakerRelatable.swift */; };
		BDB0C1341EA600BC0060C30E /* ConstraintMultiplierTarget.swift in Sources */ = {isa = PBXBuildFile; fileRef = BDB0C1111EA600BC0060C30E /* ConstraintMultiplierTarget.swift */; };
		BDB0C1351EA600BC0060C30E /* ConstraintOffsetTarget.swift in Sources */ = {isa = PBXBuildFile; fileRef = BDB0C1121EA600BC0060C30E /* ConstraintOffsetTarget.swift */; };
		BDB0C1361EA600BC0060C30E /* ConstraintPriority.swift in Sources */ = {isa = PBXBuildFile; fileRef = BDB0C1131EA600BC0060C30E /* ConstraintPriority.swift */; };
		BDB0C1371EA600BC0060C30E /* ConstraintPriorityTarget.swift in Sources */ = {isa = PBXBuildFile; fileRef = BDB0C1141EA600BC0060C30E /* ConstraintPriorityTarget.swift */; };
		BDB0C1381EA600BC0060C30E /* ConstraintRelatableTarget.swift in Sources */ = {isa = PBXBuildFile; fileRef = BDB0C1151EA600BC0060C30E /* ConstraintRelatableTarget.swift */; };
		BDB0C1391EA600BC0060C30E /* ConstraintRelation.swift in Sources */ = {isa = PBXBuildFile; fileRef = BDB0C1161EA600BC0060C30E /* ConstraintRelation.swift */; };
		BDB0C13A1EA600BC0060C30E /* ConstraintView+Extensions.swift in Sources */ = {isa = PBXBuildFile; fileRef = BDB0C1171EA600BC0060C30E /* ConstraintView+Extensions.swift */; };
		BDB0C13B1EA600BC0060C30E /* ConstraintView.swift in Sources */ = {isa = PBXBuildFile; fileRef = BDB0C1181EA600BC0060C30E /* ConstraintView.swift */; };
		BDB0C13C1EA600BC0060C30E /* ConstraintViewDSL.swift in Sources */ = {isa = PBXBuildFile; fileRef = BDB0C1191EA600BC0060C30E /* ConstraintViewDSL.swift */; };
		BDB0C13D1EA600BC0060C30E /* Debugging.swift in Sources */ = {isa = PBXBuildFile; fileRef = BDB0C11A1EA600BC0060C30E /* Debugging.swift */; };
		BDB0C13E1EA600BC0060C30E /* Info.plist in Resources */ = {isa = PBXBuildFile; fileRef = BDB0C11B1EA600BC0060C30E /* Info.plist */; };
		BDB0C13F1EA600BC0060C30E /* LayoutConstraint.swift in Sources */ = {isa = PBXBuildFile; fileRef = BDB0C11C1EA600BC0060C30E /* LayoutConstraint.swift */; };
		BDB0C1401EA600BC0060C30E /* LayoutConstraintItem.swift in Sources */ = {isa = PBXBuildFile; fileRef = BDB0C11D1EA600BC0060C30E /* LayoutConstraintItem.swift */; };
		BDB0C1411EA600BC0060C30E /* UILayoutSupport+Extensions.swift in Sources */ = {isa = PBXBuildFile; fileRef = BDB0C11F1EA600BC0060C30E /* UILayoutSupport+Extensions.swift */; };
		BDD851A41E97730E00F0C6A6 /* WETabBarViewController.swift in Sources */ = {isa = PBXBuildFile; fileRef = BDD851A31E97730E00F0C6A6 /* WETabBarViewController.swift */; };
		BDD851A61E977EB300F0C6A6 /* Collection.storyboard in Resources */ = {isa = PBXBuildFile; fileRef = BDD851A51E977EB300F0C6A6 /* Collection.storyboard */; };
		BDD851A81E977EC000F0C6A6 /* FoodDraw.storyboard in Resources */ = {isa = PBXBuildFile; fileRef = BDD851A71E977EC000F0C6A6 /* FoodDraw.storyboard */; };
		BDE00BF11EA6ED29001B0215 /* WEImageCenterTableViewCell.swift in Sources */ = {isa = PBXBuildFile; fileRef = BDE00BF01EA6ED29001B0215 /* WEImageCenterTableViewCell.swift */; };
		BDE00C581EA70BDA001B0215 /* WECollectionFoodTableViewCell.swift in Sources */ = {isa = PBXBuildFile; fileRef = BDE00C571EA70BDA001B0215 /* WECollectionFoodTableViewCell.swift */; };
		BDE00C5A1EA742EC001B0215 /* WEDrawFoodView.swift in Sources */ = {isa = PBXBuildFile; fileRef = BDE00C591EA742EC001B0215 /* WEDrawFoodView.swift */; };
		BDF977491EA8A5E700085129 /* RGPaperLayout.m in Sources */ = {isa = PBXBuildFile; fileRef = BDF977481EA8A5E700085129 /* RGPaperLayout.m */; };
		BDF9774D1EA8AA4700085129 /* WEDrawFoodCollectionViewCell.swift in Sources */ = {isa = PBXBuildFile; fileRef = BDF9774C1EA8AA4700085129 /* WEDrawFoodCollectionViewCell.swift */; };
		BDF977551EA8B3A400085129 /* timg.jpeg in Resources */ = {isa = PBXBuildFile; fileRef = BDF977541EA8B3A400085129 /* timg.jpeg */; };
/* End PBXBuildFile section */

/* Begin PBXContainerItemProxy section */
		BD93FC0B1E9733B3006834F1 /* PBXContainerItemProxy */ = {
			isa = PBXContainerItemProxy;
			containerPortal = BD93FBEE1E9733B3006834F1 /* Project object */;
			proxyType = 1;
			remoteGlobalIDString = BD93FBF51E9733B3006834F1;
			remoteInfo = TodayToEat;
		};
		BD93FC161E9733B3006834F1 /* PBXContainerItemProxy */ = {
			isa = PBXContainerItemProxy;
			containerPortal = BD93FBEE1E9733B3006834F1 /* Project object */;
			proxyType = 1;
			remoteGlobalIDString = BD93FBF51E9733B3006834F1;
			remoteInfo = TodayToEat;
		};
/* End PBXContainerItemProxy section */

/* Begin PBXFileReference section */
		176E88A11EA13D1800878560 /* WEAddFoodViewController.swift */ = {isa = PBXFileReference; fileEncoding = 4; lastKnownFileType = sourcecode.swift; path = WEAddFoodViewController.swift; sourceTree = "<group>"; };
		176E88A41EA1415000878560 /* AlreadyFood.plist */ = {isa = PBXFileReference; fileEncoding = 4; lastKnownFileType = text.plist.xml; path = AlreadyFood.plist; sourceTree = "<group>"; };
		176E88CC1EA147FB00878560 /* WEFoodModel.swift */ = {isa = PBXFileReference; fileEncoding = 4; lastKnownFileType = sourcecode.swift; path = WEFoodModel.swift; sourceTree = "<group>"; };
		BD27F30D1EA466E400490CC0 /* WEFoodViewModel.swift */ = {isa = PBXFileReference; fileEncoding = 4; lastKnownFileType = sourcecode.swift; path = WEFoodViewModel.swift; sourceTree = "<group>"; };
		BD27F3101EA491FA00490CC0 /* collectionFood.xcdatamodel */ = {isa = PBXFileReference; lastKnownFileType = wrapper.xcdatamodel; path = collectionFood.xcdatamodel; sourceTree = "<group>"; };
		BD27F3121EA4938A00490CC0 /* CoreData.framework */ = {isa = PBXFileReference; lastKnownFileType = wrapper.framework; name = CoreData.framework; path = System/Library/Frameworks/CoreData.framework; sourceTree = SDKROOT; };
		BD484FA91EA5A23A00171A05 /* CoreDataHelper.swift */ = {isa = PBXFileReference; fileEncoding = 4; lastKnownFileType = sourcecode.swift; path = CoreDataHelper.swift; sourceTree = "<group>"; };
		BD484FAB1EA5A2CC00171A05 /* FoodDB+CoreDataClass.swift */ = {isa = PBXFileReference; fileEncoding = 4; lastKnownFileType = sourcecode.swift; path = "FoodDB+CoreDataClass.swift"; sourceTree = "<group>"; };
		BD484FAC1EA5A2CC00171A05 /* FoodDB+CoreDataProperties.swift */ = {isa = PBXFileReference; fileEncoding = 4; lastKnownFileType = sourcecode.swift; path = "FoodDB+CoreDataProperties.swift"; sourceTree = "<group>"; };
		BD484FAF1EA5A3B700171A05 /* ZXStoreManager.swift */ = {isa = PBXFileReference; fileEncoding = 4; lastKnownFileType = sourcecode.swift; path = ZXStoreManager.swift; sourceTree = "<group>"; };
		BD484FB11EA5B21200171A05 /* WEAddFoodTableViewCell.swift */ = {isa = PBXFileReference; fileEncoding = 4; lastKnownFileType = sourcecode.swift; path = WEAddFoodTableViewCell.swift; sourceTree = "<group>"; };
		BD484FB31EA5B68100171A05 /* WEConfigureFile.swift */ = {isa = PBXFileReference; fileEncoding = 4; lastKnownFileType = sourcecode.swift; path = WEConfigureFile.swift; sourceTree = "<group>"; };
		BD484FB51EA5BBA700171A05 /* WEFoodTextViewTableViewCell.swift */ = {isa = PBXFileReference; fileEncoding = 4; lastKnownFileType = sourcecode.swift; path = WEFoodTextViewTableViewCell.swift; sourceTree = "<group>"; };
		BD484FBD1EA5BC4100171A05 /* SZTextView.h */ = {isa = PBXFileReference; fileEncoding = 4; lastKnownFileType = sourcecode.c.h; path = SZTextView.h; sourceTree = "<group>"; };
		BD484FBE1EA5BC4100171A05 /* SZTextView.m */ = {isa = PBXFileReference; fileEncoding = 4; lastKnownFileType = sourcecode.c.objc; path = SZTextView.m; sourceTree = "<group>"; };
		BD484FC21EA5C34600171A05 /* WEButtonTableViewCell.swift */ = {isa = PBXFileReference; fileEncoding = 4; lastKnownFileType = sourcecode.swift; path = WEButtonTableViewCell.swift; sourceTree = "<group>"; };
		BD5EA3F71EA84D11000C9683 /* LotteryRouletteView.h */ = {isa = PBXFileReference; fileEncoding = 4; lastKnownFileType = sourcecode.c.h; path = LotteryRouletteView.h; sourceTree = "<group>"; };
		BD5EA3F81EA84D11000C9683 /* LotteryRouletteView.m */ = {isa = PBXFileReference; fileEncoding = 4; lastKnownFileType = sourcecode.c.objc; path = LotteryRouletteView.m; sourceTree = "<group>"; };
		BD93FBF61E9733B3006834F1 /* TodayToEat.app */ = {isa = PBXFileReference; explicitFileType = wrapper.application; includeInIndex = 0; path = TodayToEat.app; sourceTree = BUILT_PRODUCTS_DIR; };
		BD93FBF91E9733B3006834F1 /* AppDelegate.swift */ = {isa = PBXFileReference; lastKnownFileType = sourcecode.swift; path = AppDelegate.swift; sourceTree = "<group>"; };
		BD93FC001E9733B3006834F1 /* Assets.xcassets */ = {isa = PBXFileReference; lastKnownFileType = folder.assetcatalog; path = Assets.xcassets; sourceTree = "<group>"; };
		BD93FC031E9733B3006834F1 /* Base */ = {isa = PBXFileReference; lastKnownFileType = file.storyboard; name = Base; path = Base.lproj/LaunchScreen.storyboard; sourceTree = "<group>"; };
		BD93FC051E9733B3006834F1 /* Info.plist */ = {isa = PBXFileReference; lastKnownFileType = text.plist.xml; path = Info.plist; sourceTree = "<group>"; };
		BD93FC0A1E9733B3006834F1 /* TodayToEatTests.xctest */ = {isa = PBXFileReference; explicitFileType = wrapper.cfbundle; includeInIndex = 0; path = TodayToEatTests.xctest; sourceTree = BUILT_PRODUCTS_DIR; };
		BD93FC0E1E9733B3006834F1 /* TodayToEatTests.swift */ = {isa = PBXFileReference; lastKnownFileType = sourcecode.swift; path = TodayToEatTests.swift; sourceTree = "<group>"; };
		BD93FC101E9733B3006834F1 /* Info.plist */ = {isa = PBXFileReference; lastKnownFileType = text.plist.xml; path = Info.plist; sourceTree = "<group>"; };
		BD93FC151E9733B3006834F1 /* TodayToEatUITests.xctest */ = {isa = PBXFileReference; explicitFileType = wrapper.cfbundle; includeInIndex = 0; path = TodayToEatUITests.xctest; sourceTree = BUILT_PRODUCTS_DIR; };
		BD93FC191E9733B3006834F1 /* TodayToEatUITests.swift */ = {isa = PBXFileReference; lastKnownFileType = sourcecode.swift; path = TodayToEatUITests.swift; sourceTree = "<group>"; };
		BD93FC1B1E9733B3006834F1 /* Info.plist */ = {isa = PBXFileReference; lastKnownFileType = text.plist.xml; path = Info.plist; sourceTree = "<group>"; };
		BD93FC3B1E97362B006834F1 /* WEBaseMainViewController.swift */ = {isa = PBXFileReference; fileEncoding = 4; lastKnownFileType = sourcecode.swift; path = WEBaseMainViewController.swift; sourceTree = "<group>"; };
		BD93FC3D1E973698006834F1 /* WECollectionFoodViewController.swift */ = {isa = PBXFileReference; fileEncoding = 4; lastKnownFileType = sourcecode.swift; path = WECollectionFoodViewController.swift; sourceTree = "<group>"; };
		BD93FC3F1E9736A7006834F1 /* WEFoodDrawViewController.swift */ = {isa = PBXFileReference; fileEncoding = 4; lastKnownFileType = sourcecode.swift; path = WEFoodDrawViewController.swift; sourceTree = "<group>"; };
		BD93FC411E9736B3006834F1 /* WEFoodMenuViewController.swift */ = {isa = PBXFileReference; fileEncoding = 4; lastKnownFileType = sourcecode.swift; path = WEFoodMenuViewController.swift; sourceTree = "<group>"; };
		BD93FC431E973EDA006834F1 /* WETestView.swift */ = {isa = PBXFileReference; fileEncoding = 4; lastKnownFileType = sourcecode.swift; path = WETestView.swift; sourceTree = "<group>"; };
		BD93FC451E9768E0006834F1 /* WEBaseNavigationController.swift */ = {isa = PBXFileReference; fileEncoding = 4; lastKnownFileType = sourcecode.swift; path = WEBaseNavigationController.swift; sourceTree = "<group>"; };
		BD93FC471E976900006834F1 /* FoodMenu.storyboard */ = {isa = PBXFileReference; fileEncoding = 4; lastKnownFileType = file.storyboard; path = FoodMenu.storyboard; sourceTree = "<group>"; };
		BD9A10891E9B1D0C00A5C5B9 /* BaiduMapAPI_Base.framework */ = {isa = PBXFileReference; lastKnownFileType = wrapper.framework; path = BaiduMapAPI_Base.framework; sourceTree = "<group>"; };
		BD9A108A1E9B1D0C00A5C5B9 /* BaiduMapAPI_Cloud.framework */ = {isa = PBXFileReference; lastKnownFileType = wrapper.framework; path = BaiduMapAPI_Cloud.framework; sourceTree = "<group>"; };
		BD9A108B1E9B1D0C00A5C5B9 /* BaiduMapAPI_Location.framework */ = {isa = PBXFileReference; lastKnownFileType = wrapper.framework; path = BaiduMapAPI_Location.framework; sourceTree = "<group>"; };
		BD9A108C1E9B1D0C00A5C5B9 /* BaiduMapAPI_Map.framework */ = {isa = PBXFileReference; lastKnownFileType = wrapper.framework; path = BaiduMapAPI_Map.framework; sourceTree = "<group>"; };
		BD9A108D1E9B1D0C00A5C5B9 /* BaiduMapAPI_Radar.framework */ = {isa = PBXFileReference; lastKnownFileType = wrapper.framework; path = BaiduMapAPI_Radar.framework; sourceTree = "<group>"; };
		BD9A108E1E9B1D0C00A5C5B9 /* BaiduMapAPI_Search.framework */ = {isa = PBXFileReference; lastKnownFileType = wrapper.framework; path = BaiduMapAPI_Search.framework; sourceTree = "<group>"; };
		BD9A108F1E9B1D0C00A5C5B9 /* BaiduMapAPI_Utils.framework */ = {isa = PBXFileReference; lastKnownFileType = wrapper.framework; path = BaiduMapAPI_Utils.framework; sourceTree = "<group>"; };
		BD9A10971E9B1D2E00A5C5B9 /* TodayToEat-Bridging-Header.h */ = {isa = PBXFileReference; lastKnownFileType = sourcecode.c.h; path = "TodayToEat-Bridging-Header.h"; sourceTree = "<group>"; };
		BD9A109C1E9B1E9700A5C5B9 /* libcrypto.a */ = {isa = PBXFileReference; lastKnownFileType = archive.ar; path = libcrypto.a; sourceTree = "<group>"; };
		BD9A109D1E9B1E9700A5C5B9 /* libssl.a */ = {isa = PBXFileReference; lastKnownFileType = archive.ar; path = libssl.a; sourceTree = "<group>"; };
		BD9A10A11E9B234600A5C5B9 /* CoreLocation.framework */ = {isa = PBXFileReference; lastKnownFileType = wrapper.framework; name = CoreLocation.framework; path = System/Library/Frameworks/CoreLocation.framework; sourceTree = SDKROOT; };
		BD9A10A31E9B235000A5C5B9 /* QuartzCore.framework */ = {isa = PBXFileReference; lastKnownFileType = wrapper.framework; name = QuartzCore.framework; path = System/Library/Frameworks/QuartzCore.framework; sourceTree = SDKROOT; };
		BD9A10A51E9B235800A5C5B9 /* OpenGLES.framework */ = {isa = PBXFileReference; lastKnownFileType = wrapper.framework; name = OpenGLES.framework; path = System/Library/Frameworks/OpenGLES.framework; sourceTree = SDKROOT; };
		BD9A10A71E9B235F00A5C5B9 /* SystemConfiguration.framework */ = {isa = PBXFileReference; lastKnownFileType = wrapper.framework; name = SystemConfiguration.framework; path = System/Library/Frameworks/SystemConfiguration.framework; sourceTree = SDKROOT; };
		BD9A10A91E9B236800A5C5B9 /* CoreGraphics.framework */ = {isa = PBXFileReference; lastKnownFileType = wrapper.framework; name = CoreGraphics.framework; path = System/Library/Frameworks/CoreGraphics.framework; sourceTree = SDKROOT; };
		BD9A10AB1E9B237700A5C5B9 /* Security.framework */ = {isa = PBXFileReference; lastKnownFileType = wrapper.framework; name = Security.framework; path = System/Library/Frameworks/Security.framework; sourceTree = SDKROOT; };
		BD9A10AD1E9B237F00A5C5B9 /* libsqlite3.0.tbd */ = {isa = PBXFileReference; lastKnownFileType = "sourcecode.text-based-dylib-definition"; name = libsqlite3.0.tbd; path = usr/lib/libsqlite3.0.tbd; sourceTree = SDKROOT; };
		BD9A10AF1E9B238900A5C5B9 /* CoreTelephony.framework */ = {isa = PBXFileReference; lastKnownFileType = wrapper.framework; name = CoreTelephony.framework; path = System/Library/Frameworks/CoreTelephony.framework; sourceTree = SDKROOT; };
		BD9A10B11E9B239300A5C5B9 /* libstdc++.6.0.9.tbd */ = {isa = PBXFileReference; lastKnownFileType = "sourcecode.text-based-dylib-definition"; name = "libstdc++.6.0.9.tbd"; path = "usr/lib/libstdc++.6.0.9.tbd"; sourceTree = SDKROOT; };
		BD9A10B41E9B2C8000A5C5B9 /* mapapi.bundle */ = {isa = PBXFileReference; lastKnownFileType = "wrapper.plug-in"; name = mapapi.bundle; path = ThirdFramework/BaiduMapAPI_Map.framework/Resources/mapapi.bundle; sourceTree = SOURCE_ROOT; };
		BDB0C0FD1EA600BC0060C30E /* Constraint.swift */ = {isa = PBXFileReference; fileEncoding = 4; lastKnownFileType = sourcecode.swift; path = Constraint.swift; sourceTree = "<group>"; };
		BDB0C0FE1EA600BC0060C30E /* ConstraintAttributes.swift */ = {isa = PBXFileReference; fileEncoding = 4; lastKnownFileType = sourcecode.swift; path = ConstraintAttributes.swift; sourceTree = "<group>"; };
		BDB0C0FF1EA600BC0060C30E /* ConstraintConfig.swift */ = {isa = PBXFileReference; fileEncoding = 4; lastKnownFileType = sourcecode.swift; path = ConstraintConfig.swift; sourceTree = "<group>"; };
		BDB0C1001EA600BC0060C30E /* ConstraintConstantTarget.swift */ = {isa = PBXFileReference; fileEncoding = 4; lastKnownFileType = sourcecode.swift; path = ConstraintConstantTarget.swift; sourceTree = "<group>"; };
		BDB0C1011EA600BC0060C30E /* ConstraintDescription.swift */ = {isa = PBXFileReference; fileEncoding = 4; lastKnownFileType = sourcecode.swift; path = ConstraintDescription.swift; sourceTree = "<group>"; };
		BDB0C1021EA600BC0060C30E /* ConstraintDSL.swift */ = {isa = PBXFileReference; fileEncoding = 4; lastKnownFileType = sourcecode.swift; path = ConstraintDSL.swift; sourceTree = "<group>"; };
		BDB0C1031EA600BC0060C30E /* ConstraintInsets.swift */ = {isa = PBXFileReference; fileEncoding = 4; lastKnownFileType = sourcecode.swift; path = ConstraintInsets.swift; sourceTree = "<group>"; };
		BDB0C1041EA600BC0060C30E /* ConstraintInsetTarget.swift */ = {isa = PBXFileReference; fileEncoding = 4; lastKnownFileType = sourcecode.swift; path = ConstraintInsetTarget.swift; sourceTree = "<group>"; };
		BDB0C1051EA600BC0060C30E /* ConstraintItem.swift */ = {isa = PBXFileReference; fileEncoding = 4; lastKnownFileType = sourcecode.swift; path = ConstraintItem.swift; sourceTree = "<group>"; };
		BDB0C1061EA600BC0060C30E /* ConstraintLayoutGuide+Extensions.swift */ = {isa = PBXFileReference; fileEncoding = 4; lastKnownFileType = sourcecode.swift; path = "ConstraintLayoutGuide+Extensions.swift"; sourceTree = "<group>"; };
		BDB0C1071EA600BC0060C30E /* ConstraintLayoutGuide.swift */ = {isa = PBXFileReference; fileEncoding = 4; lastKnownFileType = sourcecode.swift; path = ConstraintLayoutGuide.swift; sourceTree = "<group>"; };
		BDB0C1081EA600BC0060C30E /* ConstraintLayoutGuideDSL.swift */ = {isa = PBXFileReference; fileEncoding = 4; lastKnownFileType = sourcecode.swift; path = ConstraintLayoutGuideDSL.swift; sourceTree = "<group>"; };
		BDB0C1091EA600BC0060C30E /* ConstraintLayoutSupport.swift */ = {isa = PBXFileReference; fileEncoding = 4; lastKnownFileType = sourcecode.swift; path = ConstraintLayoutSupport.swift; sourceTree = "<group>"; };
		BDB0C10A1EA600BC0060C30E /* ConstraintLayoutSupportDSL.swift */ = {isa = PBXFileReference; fileEncoding = 4; lastKnownFileType = sourcecode.swift; path = ConstraintLayoutSupportDSL.swift; sourceTree = "<group>"; };
		BDB0C10B1EA600BC0060C30E /* ConstraintMaker.swift */ = {isa = PBXFileReference; fileEncoding = 4; lastKnownFileType = sourcecode.swift; path = ConstraintMaker.swift; sourceTree = "<group>"; };
		BDB0C10C1EA600BC0060C30E /* ConstraintMakerEditable.swift */ = {isa = PBXFileReference; fileEncoding = 4; lastKnownFileType = sourcecode.swift; path = ConstraintMakerEditable.swift; sourceTree = "<group>"; };
		BDB0C10D1EA600BC0060C30E /* ConstraintMakerExtendable.swift */ = {isa = PBXFileReference; fileEncoding = 4; lastKnownFileType = sourcecode.swift; path = ConstraintMakerExtendable.swift; sourceTree = "<group>"; };
		BDB0C10E1EA600BC0060C30E /* ConstraintMakerFinalizable.swift */ = {isa = PBXFileReference; fileEncoding = 4; lastKnownFileType = sourcecode.swift; path = ConstraintMakerFinalizable.swift; sourceTree = "<group>"; };
		BDB0C10F1EA600BC0060C30E /* ConstraintMakerPriortizable.swift */ = {isa = PBXFileReference; fileEncoding = 4; lastKnownFileType = sourcecode.swift; path = ConstraintMakerPriortizable.swift; sourceTree = "<group>"; };
		BDB0C1101EA600BC0060C30E /* ConstraintMakerRelatable.swift */ = {isa = PBXFileReference; fileEncoding = 4; lastKnownFileType = sourcecode.swift; path = ConstraintMakerRelatable.swift; sourceTree = "<group>"; };
		BDB0C1111EA600BC0060C30E /* ConstraintMultiplierTarget.swift */ = {isa = PBXFileReference; fileEncoding = 4; lastKnownFileType = sourcecode.swift; path = ConstraintMultiplierTarget.swift; sourceTree = "<group>"; };
		BDB0C1121EA600BC0060C30E /* ConstraintOffsetTarget.swift */ = {isa = PBXFileReference; fileEncoding = 4; lastKnownFileType = sourcecode.swift; path = ConstraintOffsetTarget.swift; sourceTree = "<group>"; };
		BDB0C1131EA600BC0060C30E /* ConstraintPriority.swift */ = {isa = PBXFileReference; fileEncoding = 4; lastKnownFileType = sourcecode.swift; path = ConstraintPriority.swift; sourceTree = "<group>"; };
		BDB0C1141EA600BC0060C30E /* ConstraintPriorityTarget.swift */ = {isa = PBXFileReference; fileEncoding = 4; lastKnownFileType = sourcecode.swift; path = ConstraintPriorityTarget.swift; sourceTree = "<group>"; };
		BDB0C1151EA600BC0060C30E /* ConstraintRelatableTarget.swift */ = {isa = PBXFileReference; fileEncoding = 4; lastKnownFileType = sourcecode.swift; path = ConstraintRelatableTarget.swift; sourceTree = "<group>"; };
		BDB0C1161EA600BC0060C30E /* ConstraintRelation.swift */ = {isa = PBXFileReference; fileEncoding = 4; lastKnownFileType = sourcecode.swift; path = ConstraintRelation.swift; sourceTree = "<group>"; };
		BDB0C1171EA600BC0060C30E /* ConstraintView+Extensions.swift */ = {isa = PBXFileReference; fileEncoding = 4; lastKnownFileType = sourcecode.swift; path = "ConstraintView+Extensions.swift"; sourceTree = "<group>"; };
		BDB0C1181EA600BC0060C30E /* ConstraintView.swift */ = {isa = PBXFileReference; fileEncoding = 4; lastKnownFileType = sourcecode.swift; path = ConstraintView.swift; sourceTree = "<group>"; };
		BDB0C1191EA600BC0060C30E /* ConstraintViewDSL.swift */ = {isa = PBXFileReference; fileEncoding = 4; lastKnownFileType = sourcecode.swift; path = ConstraintViewDSL.swift; sourceTree = "<group>"; };
		BDB0C11A1EA600BC0060C30E /* Debugging.swift */ = {isa = PBXFileReference; fileEncoding = 4; lastKnownFileType = sourcecode.swift; path = Debugging.swift; sourceTree = "<group>"; };
		BDB0C11B1EA600BC0060C30E /* Info.plist */ = {isa = PBXFileReference; fileEncoding = 4; lastKnownFileType = text.plist.xml; path = Info.plist; sourceTree = "<group>"; };
		BDB0C11C1EA600BC0060C30E /* LayoutConstraint.swift */ = {isa = PBXFileReference; fileEncoding = 4; lastKnownFileType = sourcecode.swift; path = LayoutConstraint.swift; sourceTree = "<group>"; };
		BDB0C11D1EA600BC0060C30E /* LayoutConstraintItem.swift */ = {isa = PBXFileReference; fileEncoding = 4; lastKnownFileType = sourcecode.swift; path = LayoutConstraintItem.swift; sourceTree = "<group>"; };
		BDB0C11E1EA600BC0060C30E /* SnapKit.h */ = {isa = PBXFileReference; fileEncoding = 4; lastKnownFileType = sourcecode.c.h; path = SnapKit.h; sourceTree = "<group>"; };
		BDB0C11F1EA600BC0060C30E /* UILayoutSupport+Extensions.swift */ = {isa = PBXFileReference; fileEncoding = 4; lastKnownFileType = sourcecode.swift; path = "UILayoutSupport+Extensions.swift"; sourceTree = "<group>"; };
		BDD851A31E97730E00F0C6A6 /* WETabBarViewController.swift */ = {isa = PBXFileReference; fileEncoding = 4; lastKnownFileType = sourcecode.swift; path = WETabBarViewController.swift; sourceTree = "<group>"; };
		BDD851A51E977EB300F0C6A6 /* Collection.storyboard */ = {isa = PBXFileReference; fileEncoding = 4; lastKnownFileType = file.storyboard; path = Collection.storyboard; sourceTree = "<group>"; };
		BDD851A71E977EC000F0C6A6 /* FoodDraw.storyboard */ = {isa = PBXFileReference; fileEncoding = 4; lastKnownFileType = file.storyboard; path = FoodDraw.storyboard; sourceTree = "<group>"; };
		BDE00BF01EA6ED29001B0215 /* WEImageCenterTableViewCell.swift */ = {isa = PBXFileReference; fileEncoding = 4; lastKnownFileType = sourcecode.swift; path = WEImageCenterTableViewCell.swift; sourceTree = "<group>"; };
		BDE00C571EA70BDA001B0215 /* WECollectionFoodTableViewCell.swift */ = {isa = PBXFileReference; fileEncoding = 4; lastKnownFileType = sourcecode.swift; path = WECollectionFoodTableViewCell.swift; sourceTree = "<group>"; };
		BDE00C591EA742EC001B0215 /* WEDrawFoodView.swift */ = {isa = PBXFileReference; fileEncoding = 4; lastKnownFileType = sourcecode.swift; path = WEDrawFoodView.swift; sourceTree = "<group>"; };
		BDF977471EA8A5E700085129 /* RGPaperLayout.h */ = {isa = PBXFileReference; fileEncoding = 4; lastKnownFileType = sourcecode.c.h; path = RGPaperLayout.h; sourceTree = "<group>"; };
		BDF977481EA8A5E700085129 /* RGPaperLayout.m */ = {isa = PBXFileReference; fileEncoding = 4; lastKnownFileType = sourcecode.c.objc; path = RGPaperLayout.m; sourceTree = "<group>"; };
		BDF9774C1EA8AA4700085129 /* WEDrawFoodCollectionViewCell.swift */ = {isa = PBXFileReference; fileEncoding = 4; lastKnownFileType = sourcecode.swift; path = WEDrawFoodCollectionViewCell.swift; sourceTree = "<group>"; };
		BDF977541EA8B3A400085129 /* timg.jpeg */ = {isa = PBXFileReference; lastKnownFileType = image.jpeg; path = timg.jpeg; sourceTree = "<group>"; };
/* End PBXFileReference section */

/* Begin PBXFrameworksBuildPhase section */
		BD93FBF31E9733B3006834F1 /* Frameworks */ = {
			isa = PBXFrameworksBuildPhase;
			buildActionMask = 2147483647;
			files = (
				BD27F3131EA4938A00490CC0 /* CoreData.framework in Frameworks */,
				BD9A10B21E9B239300A5C5B9 /* libstdc++.6.0.9.tbd in Frameworks */,
				BD9A10B01E9B238900A5C5B9 /* CoreTelephony.framework in Frameworks */,
				BD9A10AE1E9B237F00A5C5B9 /* libsqlite3.0.tbd in Frameworks */,
				BD9A10AC1E9B237700A5C5B9 /* Security.framework in Frameworks */,
				BD9A10AA1E9B236800A5C5B9 /* CoreGraphics.framework in Frameworks */,
				BD9A10A81E9B235F00A5C5B9 /* SystemConfiguration.framework in Frameworks */,
				BD9A10A61E9B235800A5C5B9 /* OpenGLES.framework in Frameworks */,
				BD9A10A41E9B235000A5C5B9 /* QuartzCore.framework in Frameworks */,
				BD9A10A21E9B234600A5C5B9 /* CoreLocation.framework in Frameworks */,
				BD9A10911E9B1D0D00A5C5B9 /* BaiduMapAPI_Cloud.framework in Frameworks */,
				BD9A10921E9B1D0D00A5C5B9 /* BaiduMapAPI_Location.framework in Frameworks */,
				BD9A109F1E9B1E9700A5C5B9 /* libssl.a in Frameworks */,
				BD9A109E1E9B1E9700A5C5B9 /* libcrypto.a in Frameworks */,
				BD9A10951E9B1D0D00A5C5B9 /* BaiduMapAPI_Search.framework in Frameworks */,
				BD9A10941E9B1D0D00A5C5B9 /* BaiduMapAPI_Radar.framework in Frameworks */,
				BD9A10901E9B1D0D00A5C5B9 /* BaiduMapAPI_Base.framework in Frameworks */,
				BD9A10931E9B1D0D00A5C5B9 /* BaiduMapAPI_Map.framework in Frameworks */,
				BD9A10961E9B1D0D00A5C5B9 /* BaiduMapAPI_Utils.framework in Frameworks */,
			);
			runOnlyForDeploymentPostprocessing = 0;
		};
		BD93FC071E9733B3006834F1 /* Frameworks */ = {
			isa = PBXFrameworksBuildPhase;
			buildActionMask = 2147483647;
			files = (
			);
			runOnlyForDeploymentPostprocessing = 0;
		};
		BD93FC121E9733B3006834F1 /* Frameworks */ = {
			isa = PBXFrameworksBuildPhase;
			buildActionMask = 2147483647;
			files = (
			);
			runOnlyForDeploymentPostprocessing = 0;
		};
/* End PBXFrameworksBuildPhase section */

/* Begin PBXGroup section */
		176E88A31EA140F100878560 /* Resource */ = {
			isa = PBXGroup;
			children = (
				176E88A41EA1415000878560 /* AlreadyFood.plist */,
			);
			path = Resource;
			sourceTree = "<group>";
		};
		176E88CB1EA147E100878560 /* Model */ = {
			isa = PBXGroup;
			children = (
				176E88CC1EA147FB00878560 /* WEFoodModel.swift */,
			);
			path = Model;
			sourceTree = "<group>";
		};
		BD484FA81EA5A22400171A05 /* Utils */ = {
			isa = PBXGroup;
			children = (
				BD484FAB1EA5A2CC00171A05 /* FoodDB+CoreDataClass.swift */,
				BD484FAC1EA5A2CC00171A05 /* FoodDB+CoreDataProperties.swift */,
				BD484FA91EA5A23A00171A05 /* CoreDataHelper.swift */,
				BD484FAF1EA5A3B700171A05 /* ZXStoreManager.swift */,
				BD484FB31EA5B68100171A05 /* WEConfigureFile.swift */,
			);
			path = Utils;
			sourceTree = "<group>";
		};
		BD484FBB1EA5BC4100171A05 /* libraries */ = {
			isa = PBXGroup;
			children = (
				BDF977461EA8A5D200085129 /* drawCollection */,
				BD5EA3F61EA84CFF000C9683 /* DrawLuck */,
				BDB0C0FC1EA600BC0060C30E /* Source */,
				BD484FBC1EA5BC4100171A05 /* SZTextView */,
			);
			path = libraries;
			sourceTree = "<group>";
		};
		BD484FBC1EA5BC4100171A05 /* SZTextView */ = {
			isa = PBXGroup;
			children = (
				BD484FBD1EA5BC4100171A05 /* SZTextView.h */,
				BD484FBE1EA5BC4100171A05 /* SZTextView.m */,
			);
			path = SZTextView;
			sourceTree = "<group>";
		};
		BD5EA3F61EA84CFF000C9683 /* DrawLuck */ = {
			isa = PBXGroup;
			children = (
				BD5EA3F71EA84D11000C9683 /* LotteryRouletteView.h */,
				BD5EA3F81EA84D11000C9683 /* LotteryRouletteView.m */,
			);
			path = DrawLuck;
			sourceTree = "<group>";
		};
		BD93FBED1E9733B3006834F1 = {
			isa = PBXGroup;
			children = (
				BD93FBF81E9733B3006834F1 /* TodayToEat */,
				BD93FC0D1E9733B3006834F1 /* TodayToEatTests */,
				BD93FC181E9733B3006834F1 /* TodayToEatUITests */,
				BD93FBF71E9733B3006834F1 /* Products */,
				BD9A10A01E9B234600A5C5B9 /* Frameworks */,
			);
			sourceTree = "<group>";
		};
		BD93FBF71E9733B3006834F1 /* Products */ = {
			isa = PBXGroup;
			children = (
				BD93FBF61E9733B3006834F1 /* TodayToEat.app */,
				BD93FC0A1E9733B3006834F1 /* TodayToEatTests.xctest */,
				BD93FC151E9733B3006834F1 /* TodayToEatUITests.xctest */,
			);
			name = Products;
			sourceTree = "<group>";
		};
		BD93FBF81E9733B3006834F1 /* TodayToEat */ = {
			isa = PBXGroup;
			children = (
				BD484FBB1EA5BC4100171A05 /* libraries */,
				BD484FA81EA5A22400171A05 /* Utils */,
				BD9A10B31E9B294600A5C5B9 /* Resources */,
				BD9A10881E9B1D0C00A5C5B9 /* ThirdFramework */,
				BD93FC361E97355A006834F1 /* MainController */,
				BD93FC271E9734E5006834F1 /* CollectionFood */,
				BD93FC2C1E9734E5006834F1 /* FoodDraw */,
				BD93FC311E9734E5006834F1 /* FoodMenu */,
				BD93FBF91E9733B3006834F1 /* AppDelegate.swift */,
				BD93FC001E9733B3006834F1 /* Assets.xcassets */,
				BD93FC021E9733B3006834F1 /* LaunchScreen.storyboard */,
				BD93FC051E9733B3006834F1 /* Info.plist */,
				BD9A10971E9B1D2E00A5C5B9 /* TodayToEat-Bridging-Header.h */,
			);
			path = TodayToEat;
			sourceTree = "<group>";
		};
		BD93FC0D1E9733B3006834F1 /* TodayToEatTests */ = {
			isa = PBXGroup;
			children = (
				BD93FC0E1E9733B3006834F1 /* TodayToEatTests.swift */,
				BD93FC101E9733B3006834F1 /* Info.plist */,
			);
			path = TodayToEatTests;
			sourceTree = "<group>";
		};
		BD93FC181E9733B3006834F1 /* TodayToEatUITests */ = {
			isa = PBXGroup;
			children = (
				BD93FC191E9733B3006834F1 /* TodayToEatUITests.swift */,
				BD93FC1B1E9733B3006834F1 /* Info.plist */,
			);
			path = TodayToEatUITests;
			sourceTree = "<group>";
		};
		BD93FC271E9734E5006834F1 /* CollectionFood */ = {
			isa = PBXGroup;
			children = (
				176E88CB1EA147E100878560 /* Model */,
				176E88A31EA140F100878560 /* Resource */,
				BD93FC281E9734E5006834F1 /* Controller */,
				BD93FC2A1E9734E5006834F1 /* View */,
				BD93FC2B1E9734E5006834F1 /* ViewModel */,
				BDD851A51E977EB300F0C6A6 /* Collection.storyboard */,
			);
			path = CollectionFood;
			sourceTree = "<group>";
		};
		BD93FC281E9734E5006834F1 /* Controller */ = {
			isa = PBXGroup;
			children = (
				BD93FC3D1E973698006834F1 /* WECollectionFoodViewController.swift */,
				176E88A11EA13D1800878560 /* WEAddFoodViewController.swift */,
			);
			path = Controller;
			sourceTree = "<group>";
		};
		BD93FC2A1E9734E5006834F1 /* View */ = {
			isa = PBXGroup;
			children = (
				BD484FB11EA5B21200171A05 /* WEAddFoodTableViewCell.swift */,
				BD484FB51EA5BBA700171A05 /* WEFoodTextViewTableViewCell.swift */,
				BD484FC21EA5C34600171A05 /* WEButtonTableViewCell.swift */,
				BDE00BF01EA6ED29001B0215 /* WEImageCenterTableViewCell.swift */,
				BDE00C571EA70BDA001B0215 /* WECollectionFoodTableViewCell.swift */,
			);
			path = View;
			sourceTree = "<group>";
		};
		BD93FC2B1E9734E5006834F1 /* ViewModel */ = {
			isa = PBXGroup;
			children = (
				BD27F30D1EA466E400490CC0 /* WEFoodViewModel.swift */,
			);
			path = ViewModel;
			sourceTree = "<group>";
		};
		BD93FC2C1E9734E5006834F1 /* FoodDraw */ = {
			isa = PBXGroup;
			children = (
				BDF977541EA8B3A400085129 /* timg.jpeg */,
				BD93FC2D1E9734E5006834F1 /* Controller */,
				BD93FC2E1E9734E5006834F1 /* Model */,
				BD93FC2F1E9734E5006834F1 /* View */,
				BD93FC301E9734E5006834F1 /* ViewModel */,
				BDD851A71E977EC000F0C6A6 /* FoodDraw.storyboard */,
			);
			path = FoodDraw;
			sourceTree = "<group>";
		};
		BD93FC2D1E9734E5006834F1 /* Controller */ = {
			isa = PBXGroup;
			children = (
				BD93FC3F1E9736A7006834F1 /* WEFoodDrawViewController.swift */,
			);
			path = Controller;
			sourceTree = "<group>";
		};
		BD93FC2E1E9734E5006834F1 /* Model */ = {
			isa = PBXGroup;
			children = (
			);
			path = Model;
			sourceTree = "<group>";
		};
		BD93FC2F1E9734E5006834F1 /* View */ = {
			isa = PBXGroup;
			children = (
				BDE00C591EA742EC001B0215 /* WEDrawFoodView.swift */,
				BDF9774C1EA8AA4700085129 /* WEDrawFoodCollectionViewCell.swift */,
			);
			path = View;
			sourceTree = "<group>";
		};
		BD93FC301E9734E5006834F1 /* ViewModel */ = {
			isa = PBXGroup;
			children = (
			);
			path = ViewModel;
			sourceTree = "<group>";
		};
		BD93FC311E9734E5006834F1 /* FoodMenu */ = {
			isa = PBXGroup;
			children = (
				BD93FC321E9734E5006834F1 /* Controller */,
				BD93FC331E9734E5006834F1 /* Model */,
				BD93FC341E9734E5006834F1 /* View */,
				BD93FC351E9734E5006834F1 /* ViewModel */,
				BD93FC471E976900006834F1 /* FoodMenu.storyboard */,
			);
			path = FoodMenu;
			sourceTree = "<group>";
		};
		BD93FC321E9734E5006834F1 /* Controller */ = {
			isa = PBXGroup;
			children = (
				BD93FC411E9736B3006834F1 /* WEFoodMenuViewController.swift */,
				BD93FC431E973EDA006834F1 /* WETestView.swift */,
			);
			path = Controller;
			sourceTree = "<group>";
		};
		BD93FC331E9734E5006834F1 /* Model */ = {
			isa = PBXGroup;
			children = (
			);
			path = Model;
			sourceTree = "<group>";
		};
		BD93FC341E9734E5006834F1 /* View */ = {
			isa = PBXGroup;
			children = (
			);
			path = View;
			sourceTree = "<group>";
		};
		BD93FC351E9734E5006834F1 /* ViewModel */ = {
			isa = PBXGroup;
			children = (
			);
			path = ViewModel;
			sourceTree = "<group>";
		};
		BD93FC361E97355A006834F1 /* MainController */ = {
			isa = PBXGroup;
			children = (
				BD93FC3B1E97362B006834F1 /* WEBaseMainViewController.swift */,
				BD93FC451E9768E0006834F1 /* WEBaseNavigationController.swift */,
				BDD851A31E97730E00F0C6A6 /* WETabBarViewController.swift */,
			);
			path = MainController;
			sourceTree = "<group>";
		};
		BD9A10881E9B1D0C00A5C5B9 /* ThirdFramework */ = {
			isa = PBXGroup;
			children = (
				BD9A109B1E9B1E9700A5C5B9 /* thirdlibs */,
				BD9A10891E9B1D0C00A5C5B9 /* BaiduMapAPI_Base.framework */,
				BD9A108A1E9B1D0C00A5C5B9 /* BaiduMapAPI_Cloud.framework */,
				BD9A108B1E9B1D0C00A5C5B9 /* BaiduMapAPI_Location.framework */,
				BD9A108C1E9B1D0C00A5C5B9 /* BaiduMapAPI_Map.framework */,
				BD9A108D1E9B1D0C00A5C5B9 /* BaiduMapAPI_Radar.framework */,
				BD9A108E1E9B1D0C00A5C5B9 /* BaiduMapAPI_Search.framework */,
				BD9A108F1E9B1D0C00A5C5B9 /* BaiduMapAPI_Utils.framework */,
			);
			path = ThirdFramework;
			sourceTree = "<group>";
		};
		BD9A109B1E9B1E9700A5C5B9 /* thirdlibs */ = {
			isa = PBXGroup;
			children = (
				BD9A109C1E9B1E9700A5C5B9 /* libcrypto.a */,
				BD9A109D1E9B1E9700A5C5B9 /* libssl.a */,
			);
			path = thirdlibs;
			sourceTree = "<group>";
		};
		BD9A10A01E9B234600A5C5B9 /* Frameworks */ = {
			isa = PBXGroup;
			children = (
				BD27F3121EA4938A00490CC0 /* CoreData.framework */,
				BD9A10B11E9B239300A5C5B9 /* libstdc++.6.0.9.tbd */,
				BD9A10AF1E9B238900A5C5B9 /* CoreTelephony.framework */,
				BD9A10AD1E9B237F00A5C5B9 /* libsqlite3.0.tbd */,
				BD9A10AB1E9B237700A5C5B9 /* Security.framework */,
				BD9A10A91E9B236800A5C5B9 /* CoreGraphics.framework */,
				BD9A10A71E9B235F00A5C5B9 /* SystemConfiguration.framework */,
				BD9A10A51E9B235800A5C5B9 /* OpenGLES.framework */,
				BD9A10A31E9B235000A5C5B9 /* QuartzCore.framework */,
				BD9A10A11E9B234600A5C5B9 /* CoreLocation.framework */,
			);
			name = Frameworks;
			sourceTree = "<group>";
		};
		BD9A10B31E9B294600A5C5B9 /* Resources */ = {
			isa = PBXGroup;
			children = (
				BD9A10B41E9B2C8000A5C5B9 /* mapapi.bundle */,
				BD27F30F1EA491FA00490CC0 /* collectionFood.xcdatamodeld */,
			);
			path = Resources;
			sourceTree = "<group>";
		};
		BDB0C0FC1EA600BC0060C30E /* Source */ = {
			isa = PBXGroup;
			children = (
				BDB0C0FD1EA600BC0060C30E /* Constraint.swift */,
				BDB0C0FE1EA600BC0060C30E /* ConstraintAttributes.swift */,
				BDB0C0FF1EA600BC0060C30E /* ConstraintConfig.swift */,
				BDB0C1001EA600BC0060C30E /* ConstraintConstantTarget.swift */,
				BDB0C1011EA600BC0060C30E /* ConstraintDescription.swift */,
				BDB0C1021EA600BC0060C30E /* ConstraintDSL.swift */,
				BDB0C1031EA600BC0060C30E /* ConstraintInsets.swift */,
				BDB0C1041EA600BC0060C30E /* ConstraintInsetTarget.swift */,
				BDB0C1051EA600BC0060C30E /* ConstraintItem.swift */,
				BDB0C1061EA600BC0060C30E /* ConstraintLayoutGuide+Extensions.swift */,
				BDB0C1071EA600BC0060C30E /* ConstraintLayoutGuide.swift */,
				BDB0C1081EA600BC0060C30E /* ConstraintLayoutGuideDSL.swift */,
				BDB0C1091EA600BC0060C30E /* ConstraintLayoutSupport.swift */,
				BDB0C10A1EA600BC0060C30E /* ConstraintLayoutSupportDSL.swift */,
				BDB0C10B1EA600BC0060C30E /* ConstraintMaker.swift */,
				BDB0C10C1EA600BC0060C30E /* ConstraintMakerEditable.swift */,
				BDB0C10D1EA600BC0060C30E /* ConstraintMakerExtendable.swift */,
				BDB0C10E1EA600BC0060C30E /* ConstraintMakerFinalizable.swift */,
				BDB0C10F1EA600BC0060C30E /* ConstraintMakerPriortizable.swift */,
				BDB0C1101EA600BC0060C30E /* ConstraintMakerRelatable.swift */,
				BDB0C1111EA600BC0060C30E /* ConstraintMultiplierTarget.swift */,
				BDB0C1121EA600BC0060C30E /* ConstraintOffsetTarget.swift */,
				BDB0C1131EA600BC0060C30E /* ConstraintPriority.swift */,
				BDB0C1141EA600BC0060C30E /* ConstraintPriorityTarget.swift */,
				BDB0C1151EA600BC0060C30E /* ConstraintRelatableTarget.swift */,
				BDB0C1161EA600BC0060C30E /* ConstraintRelation.swift */,
				BDB0C1171EA600BC0060C30E /* ConstraintView+Extensions.swift */,
				BDB0C1181EA600BC0060C30E /* ConstraintView.swift */,
				BDB0C1191EA600BC0060C30E /* ConstraintViewDSL.swift */,
				BDB0C11A1EA600BC0060C30E /* Debugging.swift */,
				BDB0C11B1EA600BC0060C30E /* Info.plist */,
				BDB0C11C1EA600BC0060C30E /* LayoutConstraint.swift */,
				BDB0C11D1EA600BC0060C30E /* LayoutConstraintItem.swift */,
				BDB0C11E1EA600BC0060C30E /* SnapKit.h */,
				BDB0C11F1EA600BC0060C30E /* UILayoutSupport+Extensions.swift */,
			);
			path = Source;
			sourceTree = "<group>";
		};
		BDF977461EA8A5D200085129 /* drawCollection */ = {
			isa = PBXGroup;
			children = (
				BDF977471EA8A5E700085129 /* RGPaperLayout.h */,
				BDF977481EA8A5E700085129 /* RGPaperLayout.m */,
			);
			path = drawCollection;
			sourceTree = "<group>";
		};
/* End PBXGroup section */

/* Begin PBXNativeTarget section */
		BD93FBF51E9733B3006834F1 /* TodayToEat */ = {
			isa = PBXNativeTarget;
			buildConfigurationList = BD93FC1E1E9733B3006834F1 /* Build configuration list for PBXNativeTarget "TodayToEat" */;
			buildPhases = (
				BD93FBF21E9733B3006834F1 /* Sources */,
				BD93FBF31E9733B3006834F1 /* Frameworks */,
				BD93FBF41E9733B3006834F1 /* Resources */,
			);
			buildRules = (
			);
			dependencies = (
			);
			name = TodayToEat;
			productName = TodayToEat;
			productReference = BD93FBF61E9733B3006834F1 /* TodayToEat.app */;
			productType = "com.apple.product-type.application";
		};
		BD93FC091E9733B3006834F1 /* TodayToEatTests */ = {
			isa = PBXNativeTarget;
			buildConfigurationList = BD93FC211E9733B3006834F1 /* Build configuration list for PBXNativeTarget "TodayToEatTests" */;
			buildPhases = (
				BD93FC061E9733B3006834F1 /* Sources */,
				BD93FC071E9733B3006834F1 /* Frameworks */,
				BD93FC081E9733B3006834F1 /* Resources */,
			);
			buildRules = (
			);
			dependencies = (
				BD93FC0C1E9733B3006834F1 /* PBXTargetDependency */,
			);
			name = TodayToEatTests;
			productName = TodayToEatTests;
			productReference = BD93FC0A1E9733B3006834F1 /* TodayToEatTests.xctest */;
			productType = "com.apple.product-type.bundle.unit-test";
		};
		BD93FC141E9733B3006834F1 /* TodayToEatUITests */ = {
			isa = PBXNativeTarget;
			buildConfigurationList = BD93FC241E9733B3006834F1 /* Build configuration list for PBXNativeTarget "TodayToEatUITests" */;
			buildPhases = (
				BD93FC111E9733B3006834F1 /* Sources */,
				BD93FC121E9733B3006834F1 /* Frameworks */,
				BD93FC131E9733B3006834F1 /* Resources */,
			);
			buildRules = (
			);
			dependencies = (
				BD93FC171E9733B3006834F1 /* PBXTargetDependency */,
			);
			name = TodayToEatUITests;
			productName = TodayToEatUITests;
			productReference = BD93FC151E9733B3006834F1 /* TodayToEatUITests.xctest */;
			productType = "com.apple.product-type.bundle.ui-testing";
		};
/* End PBXNativeTarget section */

/* Begin PBXProject section */
		BD93FBEE1E9733B3006834F1 /* Project object */ = {
			isa = PBXProject;
			attributes = {
				CLASSPREFIX = WE;
				LastSwiftUpdateCheck = 0820;
				LastUpgradeCheck = 0820;
				ORGANIZATIONNAME = "陈振旭";
				TargetAttributes = {
					BD93FBF51E9733B3006834F1 = {
						CreatedOnToolsVersion = 8.2.1;
						DevelopmentTeam = 3B4M27YJJR;
						LastSwiftMigration = 0820;
						ProvisioningStyle = Automatic;
					};
					BD93FC091E9733B3006834F1 = {
						CreatedOnToolsVersion = 8.2.1;
						DevelopmentTeam = 69WQ3J9265;
						ProvisioningStyle = Automatic;
						TestTargetID = BD93FBF51E9733B3006834F1;
					};
					BD93FC141E9733B3006834F1 = {
						CreatedOnToolsVersion = 8.2.1;
						DevelopmentTeam = 69WQ3J9265;
						ProvisioningStyle = Automatic;
						TestTargetID = BD93FBF51E9733B3006834F1;
					};
				};
			};
			buildConfigurationList = BD93FBF11E9733B3006834F1 /* Build configuration list for PBXProject "TodayToEat" */;
			compatibilityVersion = "Xcode 3.2";
			developmentRegion = English;
			hasScannedForEncodings = 0;
			knownRegions = (
				en,
				Base,
			);
			mainGroup = BD93FBED1E9733B3006834F1;
			productRefGroup = BD93FBF71E9733B3006834F1 /* Products */;
			projectDirPath = "";
			projectRoot = "";
			targets = (
				BD93FBF51E9733B3006834F1 /* TodayToEat */,
				BD93FC091E9733B3006834F1 /* TodayToEatTests */,
				BD93FC141E9733B3006834F1 /* TodayToEatUITests */,
			);
		};
/* End PBXProject section */

/* Begin PBXResourcesBuildPhase section */
		BD93FBF41E9733B3006834F1 /* Resources */ = {
			isa = PBXResourcesBuildPhase;
			buildActionMask = 2147483647;
			files = (
				BDB0C13E1EA600BC0060C30E /* Info.plist in Resources */,
				BDD851A61E977EB300F0C6A6 /* Collection.storyboard in Resources */,
				176E88A51EA1415000878560 /* AlreadyFood.plist in Resources */,
				BDD851A81E977EC000F0C6A6 /* FoodDraw.storyboard in Resources */,
				BD93FC041E9733B3006834F1 /* LaunchScreen.storyboard in Resources */,
				BD9A10B51E9B2C8000A5C5B9 /* mapapi.bundle in Resources */,
				BD93FC011E9733B3006834F1 /* Assets.xcassets in Resources */,
				BD93FC481E976900006834F1 /* FoodMenu.storyboard in Resources */,
				BDF977551EA8B3A400085129 /* timg.jpeg in Resources */,
			);
			runOnlyForDeploymentPostprocessing = 0;
		};
		BD93FC081E9733B3006834F1 /* Resources */ = {
			isa = PBXResourcesBuildPhase;
			buildActionMask = 2147483647;
			files = (
			);
			runOnlyForDeploymentPostprocessing = 0;
		};
		BD93FC131E9733B3006834F1 /* Resources */ = {
			isa = PBXResourcesBuildPhase;
			buildActionMask = 2147483647;
			files = (
			);
			runOnlyForDeploymentPostprocessing = 0;
		};
/* End PBXResourcesBuildPhase section */

/* Begin PBXSourcesBuildPhase section */
		BD93FBF21E9733B3006834F1 /* Sources */ = {
			isa = PBXSourcesBuildPhase;
			buildActionMask = 2147483647;
			files = (
				BDB0C13F1EA600BC0060C30E /* LayoutConstraint.swift in Sources */,
				BD93FC421E9736B3006834F1 /* WEFoodMenuViewController.swift in Sources */,
				BDB0C1331EA600BC0060C30E /* ConstraintMakerRelatable.swift in Sources */,
				BDB0C1301EA600BC0060C30E /* ConstraintMakerExtendable.swift in Sources */,
				BD93FC3C1E97362B006834F1 /* WEBaseMainViewController.swift in Sources */,
				BDB0C1251EA600BC0060C30E /* ConstraintDSL.swift in Sources */,
				BDB0C13A1EA600BC0060C30E /* ConstraintView+Extensions.swift in Sources */,
				176E88CD1EA147FB00878560 /* WEFoodModel.swift in Sources */,
				BDB0C1381EA600BC0060C30E /* ConstraintRelatableTarget.swift in Sources */,
				BD484FAE1EA5A2CC00171A05 /* FoodDB+CoreDataProperties.swift in Sources */,
				BDB0C1371EA600BC0060C30E /* ConstraintPriorityTarget.swift in Sources */,
				BDB0C1221EA600BC0060C30E /* ConstraintConfig.swift in Sources */,
				BD484FB41EA5B68100171A05 /* WEConfigureFile.swift in Sources */,
				BDB0C12A1EA600BC0060C30E /* ConstraintLayoutGuide.swift in Sources */,
				BD5EA3F91EA84D11000C9683 /* LotteryRouletteView.m in Sources */,
				BD93FC401E9736A7006834F1 /* WEFoodDrawViewController.swift in Sources */,
				BD27F30E1EA466E400490CC0 /* WEFoodViewModel.swift in Sources */,
				BD93FC461E9768E0006834F1 /* WEBaseNavigationController.swift in Sources */,
				BDB0C13B1EA600BC0060C30E /* ConstraintView.swift in Sources */,
				BDF977491EA8A5E700085129 /* RGPaperLayout.m in Sources */,
				BD484FB61EA5BBA700171A05 /* WEFoodTextViewTableViewCell.swift in Sources */,
				BD484FAD1EA5A2CC00171A05 /* FoodDB+CoreDataClass.swift in Sources */,
				BDB0C1261EA600BC0060C30E /* ConstraintInsets.swift in Sources */,
				BDB0C12D1EA600BC0060C30E /* ConstraintLayoutSupportDSL.swift in Sources */,
				BDB0C13C1EA600BC0060C30E /* ConstraintViewDSL.swift in Sources */,
				176E88A21EA13D1800878560 /* WEAddFoodViewController.swift in Sources */,
				BDF9774D1EA8AA4700085129 /* WEDrawFoodCollectionViewCell.swift in Sources */,
				BDE00C5A1EA742EC001B0215 /* WEDrawFoodView.swift in Sources */,
				BDB0C1341EA600BC0060C30E /* ConstraintMultiplierTarget.swift in Sources */,
				BDB0C12F1EA600BC0060C30E /* ConstraintMakerEditable.swift in Sources */,
				BD27F3111EA491FA00490CC0 /* collectionFood.xcdatamodeld in Sources */,
				BDE00BF11EA6ED29001B0215 /* WEImageCenterTableViewCell.swift in Sources */,
				BDB0C1241EA600BC0060C30E /* ConstraintDescription.swift in Sources */,
				BDB0C1361EA600BC0060C30E /* ConstraintPriority.swift in Sources */,
				BDB0C1271EA600BC0060C30E /* ConstraintInsetTarget.swift in Sources */,
				BDB0C1291EA600BC0060C30E /* ConstraintLayoutGuide+Extensions.swift in Sources */,
				BD484FB21EA5B21200171A05 /* WEAddFoodTableViewCell.swift in Sources */,
				BDE00C581EA70BDA001B0215 /* WECollectionFoodTableViewCell.swift in Sources */,
				BDB0C1351EA600BC0060C30E /* ConstraintOffsetTarget.swift in Sources */,
				BDB0C12B1EA600BC0060C30E /* ConstraintLayoutGuideDSL.swift in Sources */,
				BDB0C1321EA600BC0060C30E /* ConstraintMakerPriortizable.swift in Sources */,
				BD93FC441E973EDA006834F1 /* WETestView.swift in Sources */,
				BDB0C1411EA600BC0060C30E /* UILayoutSupport+Extensions.swift in Sources */,
				BDB0C1311EA600BC0060C30E /* ConstraintMakerFinalizable.swift in Sources */,
				BDB0C12C1EA600BC0060C30E /* ConstraintLayoutSupport.swift in Sources */,
				BD484FAA1EA5A23A00171A05 /* CoreDataHelper.swift in Sources */,
				BD93FC3E1E973698006834F1 /* WECollectionFoodViewController.swift in Sources */,
				BDB0C1231EA600BC0060C30E /* ConstraintConstantTarget.swift in Sources */,
				BD484FBF1EA5BC4100171A05 /* SZTextView.m in Sources */,
				BDB0C1401EA600BC0060C30E /* LayoutConstraintItem.swift in Sources */,
				BDD851A41E97730E00F0C6A6 /* WETabBarViewController.swift in Sources */,
				BDB0C12E1EA600BC0060C30E /* ConstraintMaker.swift in Sources */,
				BDB0C1201EA600BC0060C30E /* Constraint.swift in Sources */,
				BD484FC31EA5C34600171A05 /* WEButtonTableViewCell.swift in Sources */,
				BDB0C1391EA600BC0060C30E /* ConstraintRelation.swift in Sources */,
				BDB0C13D1EA600BC0060C30E /* Debugging.swift in Sources */,
				BD93FBFA1E9733B3006834F1 /* AppDelegate.swift in Sources */,
				BD484FB01EA5A3B700171A05 /* ZXStoreManager.swift in Sources */,
				BDB0C1211EA600BC0060C30E /* ConstraintAttributes.swift in Sources */,
				BDB0C1281EA600BC0060C30E /* ConstraintItem.swift in Sources */,
			);
			runOnlyForDeploymentPostprocessing = 0;
		};
		BD93FC061E9733B3006834F1 /* Sources */ = {
			isa = PBXSourcesBuildPhase;
			buildActionMask = 2147483647;
			files = (
				BD93FC0F1E9733B3006834F1 /* TodayToEatTests.swift in Sources */,
			);
			runOnlyForDeploymentPostprocessing = 0;
		};
		BD93FC111E9733B3006834F1 /* Sources */ = {
			isa = PBXSourcesBuildPhase;
			buildActionMask = 2147483647;
			files = (
				BD93FC1A1E9733B3006834F1 /* TodayToEatUITests.swift in Sources */,
			);
			runOnlyForDeploymentPostprocessing = 0;
		};
/* End PBXSourcesBuildPhase section */

/* Begin PBXTargetDependency section */
		BD93FC0C1E9733B3006834F1 /* PBXTargetDependency */ = {
			isa = PBXTargetDependency;
			target = BD93FBF51E9733B3006834F1 /* TodayToEat */;
			targetProxy = BD93FC0B1E9733B3006834F1 /* PBXContainerItemProxy */;
		};
		BD93FC171E9733B3006834F1 /* PBXTargetDependency */ = {
			isa = PBXTargetDependency;
			target = BD93FBF51E9733B3006834F1 /* TodayToEat */;
			targetProxy = BD93FC161E9733B3006834F1 /* PBXContainerItemProxy */;
		};
/* End PBXTargetDependency section */

/* Begin PBXVariantGroup section */
		BD93FC021E9733B3006834F1 /* LaunchScreen.storyboard */ = {
			isa = PBXVariantGroup;
			children = (
				BD93FC031E9733B3006834F1 /* Base */,
			);
			name = LaunchScreen.storyboard;
			sourceTree = "<group>";
		};
/* End PBXVariantGroup section */

/* Begin XCBuildConfiguration section */
		BD93FC1C1E9733B3006834F1 /* Debug */ = {
			isa = XCBuildConfiguration;
			buildSettings = {
				ALWAYS_SEARCH_USER_PATHS = NO;
				CLANG_ANALYZER_NONNULL = YES;
				CLANG_CXX_LANGUAGE_STANDARD = "gnu++0x";
				CLANG_CXX_LIBRARY = "libc++";
				CLANG_ENABLE_MODULES = YES;
				CLANG_ENABLE_OBJC_ARC = YES;
				CLANG_WARN_BOOL_CONVERSION = YES;
				CLANG_WARN_CONSTANT_CONVERSION = YES;
				CLANG_WARN_DIRECT_OBJC_ISA_USAGE = YES_ERROR;
				CLANG_WARN_DOCUMENTATION_COMMENTS = YES;
				CLANG_WARN_EMPTY_BODY = YES;
				CLANG_WARN_ENUM_CONVERSION = YES;
				CLANG_WARN_INFINITE_RECURSION = YES;
				CLANG_WARN_INT_CONVERSION = YES;
				CLANG_WARN_OBJC_ROOT_CLASS = YES_ERROR;
				CLANG_WARN_SUSPICIOUS_MOVE = YES;
				CLANG_WARN_UNREACHABLE_CODE = YES;
				CLANG_WARN__DUPLICATE_METHOD_MATCH = YES;
				"CODE_SIGN_IDENTITY[sdk=iphoneos*]" = "iPhone Developer";
				COPY_PHASE_STRIP = NO;
				DEBUG_INFORMATION_FORMAT = dwarf;
				ENABLE_STRICT_OBJC_MSGSEND = YES;
				ENABLE_TESTABILITY = YES;
				GCC_C_LANGUAGE_STANDARD = gnu99;
				GCC_DYNAMIC_NO_PIC = NO;
				GCC_NO_COMMON_BLOCKS = YES;
				GCC_OPTIMIZATION_LEVEL = 0;
				GCC_PREPROCESSOR_DEFINITIONS = (
					"DEBUG=1",
					"$(inherited)",
				);
				GCC_WARN_64_TO_32_BIT_CONVERSION = YES;
				GCC_WARN_ABOUT_RETURN_TYPE = YES_ERROR;
				GCC_WARN_UNDECLARED_SELECTOR = YES;
				GCC_WARN_UNINITIALIZED_AUTOS = YES_AGGRESSIVE;
				GCC_WARN_UNUSED_FUNCTION = YES;
				GCC_WARN_UNUSED_VARIABLE = YES;
				IPHONEOS_DEPLOYMENT_TARGET = 10.2;
				MTL_ENABLE_DEBUG_INFO = YES;
				ONLY_ACTIVE_ARCH = YES;
				SDKROOT = iphoneos;
				SWIFT_ACTIVE_COMPILATION_CONDITIONS = DEBUG;
				SWIFT_OPTIMIZATION_LEVEL = "-Onone";
			};
			name = Debug;
		};
		BD93FC1D1E9733B3006834F1 /* Release */ = {
			isa = XCBuildConfiguration;
			buildSettings = {
				ALWAYS_SEARCH_USER_PATHS = NO;
				CLANG_ANALYZER_NONNULL = YES;
				CLANG_CXX_LANGUAGE_STANDARD = "gnu++0x";
				CLANG_CXX_LIBRARY = "libc++";
				CLANG_ENABLE_MODULES = YES;
				CLANG_ENABLE_OBJC_ARC = YES;
				CLANG_WARN_BOOL_CONVERSION = YES;
				CLANG_WARN_CONSTANT_CONVERSION = YES;
				CLANG_WARN_DIRECT_OBJC_ISA_USAGE = YES_ERROR;
				CLANG_WARN_DOCUMENTATION_COMMENTS = YES;
				CLANG_WARN_EMPTY_BODY = YES;
				CLANG_WARN_ENUM_CONVERSION = YES;
				CLANG_WARN_INFINITE_RECURSION = YES;
				CLANG_WARN_INT_CONVERSION = YES;
				CLANG_WARN_OBJC_ROOT_CLASS = YES_ERROR;
				CLANG_WARN_SUSPICIOUS_MOVE = YES;
				CLANG_WARN_UNREACHABLE_CODE = YES;
				CLANG_WARN__DUPLICATE_METHOD_MATCH = YES;
				"CODE_SIGN_IDENTITY[sdk=iphoneos*]" = "iPhone Developer";
				COPY_PHASE_STRIP = NO;
				DEBUG_INFORMATION_FORMAT = "dwarf-with-dsym";
				ENABLE_NS_ASSERTIONS = NO;
				ENABLE_STRICT_OBJC_MSGSEND = YES;
				GCC_C_LANGUAGE_STANDARD = gnu99;
				GCC_NO_COMMON_BLOCKS = YES;
				GCC_WARN_64_TO_32_BIT_CONVERSION = YES;
				GCC_WARN_ABOUT_RETURN_TYPE = YES_ERROR;
				GCC_WARN_UNDECLARED_SELECTOR = YES;
				GCC_WARN_UNINITIALIZED_AUTOS = YES_AGGRESSIVE;
				GCC_WARN_UNUSED_FUNCTION = YES;
				GCC_WARN_UNUSED_VARIABLE = YES;
				IPHONEOS_DEPLOYMENT_TARGET = 10.2;
				MTL_ENABLE_DEBUG_INFO = NO;
				SDKROOT = iphoneos;
				SWIFT_OPTIMIZATION_LEVEL = "-Owholemodule";
				VALIDATE_PRODUCT = YES;
			};
			name = Release;
		};
		BD93FC1F1E9733B3006834F1 /* Debug */ = {
			isa = XCBuildConfiguration;
			buildSettings = {
				ASSETCATALOG_COMPILER_APPICON_NAME = AppIcon;
				CLANG_ENABLE_MODULES = YES;
				DEVELOPMENT_TEAM = 3B4M27YJJR;
				FRAMEWORK_SEARCH_PATHS = (
					"$(inherited)",
					"$(PROJECT_DIR)/TodayToEat/ThirdFramework",
				);
				GCC_INPUT_FILETYPE = sourcecode.cpp.objcpp;
				INFOPLIST_FILE = TodayToEat/Info.plist;
				IPHONEOS_DEPLOYMENT_TARGET = 8.0;
				LD_RUNPATH_SEARCH_PATHS = "$(inherited) @executable_path/Frameworks";
				LIBRARY_SEARCH_PATHS = (
					"$(inherited)",
					"$(PROJECT_DIR)/TodayToEat/ThirdFramework/thirdlibs",
				);
				OTHER_LDFLAGS = "-ObjC";
				PRODUCT_BUNDLE_IDENTIFIER = com.XMRuiTong.chisha;
				PRODUCT_NAME = "$(TARGET_NAME)";
				PROVISIONING_PROFILE = "";
				SWIFT_OBJC_BRIDGING_HEADER = "$(SRCROOT)/TodayToEat/TodayToEat-Bridging-Header.h";
				SWIFT_OPTIMIZATION_LEVEL = "-Onone";
				SWIFT_VERSION = 3.0;
			};
			name = Debug;
		};
		BD93FC201E9733B3006834F1 /* Release */ = {
			isa = XCBuildConfiguration;
			buildSettings = {
				ASSETCATALOG_COMPILER_APPICON_NAME = AppIcon;
				CLANG_ENABLE_MODULES = YES;
				DEVELOPMENT_TEAM = 3B4M27YJJR;
				FRAMEWORK_SEARCH_PATHS = (
					"$(inherited)",
					"$(PROJECT_DIR)/TodayToEat/ThirdFramework",
				);
				GCC_INPUT_FILETYPE = sourcecode.cpp.objcpp;
				INFOPLIST_FILE = TodayToEat/Info.plist;
				IPHONEOS_DEPLOYMENT_TARGET = 8.0;
				LD_RUNPATH_SEARCH_PATHS = "$(inherited) @executable_path/Frameworks";
				LIBRARY_SEARCH_PATHS = (
					"$(inherited)",
					"$(PROJECT_DIR)/TodayToEat/ThirdFramework/thirdlibs",
				);
				OTHER_LDFLAGS = "-ObjC";
				PRODUCT_BUNDLE_IDENTIFIER = com.XMRuiTong.chisha;
				PRODUCT_NAME = "$(TARGET_NAME)";
				PROVISIONING_PROFILE = "";
				SWIFT_OBJC_BRIDGING_HEADER = "$(SRCROOT)/TodayToEat/TodayToEat-Bridging-Header.h";
				SWIFT_VERSION = 3.0;
			};
			name = Release;
		};
		BD93FC221E9733B3006834F1 /* Debug */ = {
			isa = XCBuildConfiguration;
			buildSettings = {
				ALWAYS_EMBED_SWIFT_STANDARD_LIBRARIES = YES;
				BUNDLE_LOADER = "$(TEST_HOST)";
				DEVELOPMENT_TEAM = 69WQ3J9265;
				INFOPLIST_FILE = TodayToEatTests/Info.plist;
				LD_RUNPATH_SEARCH_PATHS = "$(inherited) @executable_path/Frameworks @loader_path/Frameworks";
				PRODUCT_BUNDLE_IDENTIFIER = com.Sunflower.TodayToEatTests;
				PRODUCT_NAME = "$(TARGET_NAME)";
				SWIFT_VERSION = 3.0;
				TEST_HOST = "$(BUILT_PRODUCTS_DIR)/TodayToEat.app/TodayToEat";
			};
			name = Debug;
		};
		BD93FC231E9733B3006834F1 /* Release */ = {
			isa = XCBuildConfiguration;
			buildSettings = {
				ALWAYS_EMBED_SWIFT_STANDARD_LIBRARIES = YES;
				BUNDLE_LOADER = "$(TEST_HOST)";
				DEVELOPMENT_TEAM = 69WQ3J9265;
				INFOPLIST_FILE = TodayToEatTests/Info.plist;
				LD_RUNPATH_SEARCH_PATHS = "$(inherited) @executable_path/Frameworks @loader_path/Frameworks";
				PRODUCT_BUNDLE_IDENTIFIER = com.Sunflower.TodayToEatTests;
				PRODUCT_NAME = "$(TARGET_NAME)";
				SWIFT_VERSION = 3.0;
				TEST_HOST = "$(BUILT_PRODUCTS_DIR)/TodayToEat.app/TodayToEat";
			};
			name = Release;
		};
		BD93FC251E9733B3006834F1 /* Debug */ = {
			isa = XCBuildConfiguration;
			buildSettings = {
				ALWAYS_EMBED_SWIFT_STANDARD_LIBRARIES = YES;
				DEVELOPMENT_TEAM = 69WQ3J9265;
				INFOPLIST_FILE = TodayToEatUITests/Info.plist;
				LD_RUNPATH_SEARCH_PATHS = "$(inherited) @executable_path/Frameworks @loader_path/Frameworks";
				PRODUCT_BUNDLE_IDENTIFIER = com.Sunflower.TodayToEatUITests;
				PRODUCT_NAME = "$(TARGET_NAME)";
				SWIFT_VERSION = 3.0;
				TEST_TARGET_NAME = TodayToEat;
			};
			name = Debug;
		};
		BD93FC261E9733B3006834F1 /* Release */ = {
			isa = XCBuildConfiguration;
			buildSettings = {
				ALWAYS_EMBED_SWIFT_STANDARD_LIBRARIES = YES;
				DEVELOPMENT_TEAM = 69WQ3J9265;
				INFOPLIST_FILE = TodayToEatUITests/Info.plist;
				LD_RUNPATH_SEARCH_PATHS = "$(inherited) @executable_path/Frameworks @loader_path/Frameworks";
				PRODUCT_BUNDLE_IDENTIFIER = com.Sunflower.TodayToEatUITests;
				PRODUCT_NAME = "$(TARGET_NAME)";
				SWIFT_VERSION = 3.0;
				TEST_TARGET_NAME = TodayToEat;
			};
			name = Release;
		};
/* End XCBuildConfiguration section */

/* Begin XCConfigurationList section */
		BD93FBF11E9733B3006834F1 /* Build configuration list for PBXProject "TodayToEat" */ = {
			isa = XCConfigurationList;
			buildConfigurations = (
				BD93FC1C1E9733B3006834F1 /* Debug */,
				BD93FC1D1E9733B3006834F1 /* Release */,
			);
			defaultConfigurationIsVisible = 0;
			defaultConfigurationName = Release;
		};
		BD93FC1E1E9733B3006834F1 /* Build configuration list for PBXNativeTarget "TodayToEat" */ = {
			isa = XCConfigurationList;
			buildConfigurations = (
				BD93FC1F1E9733B3006834F1 /* Debug */,
				BD93FC201E9733B3006834F1 /* Release */,
			);
			defaultConfigurationIsVisible = 0;
			defaultConfigurationName = Release;
		};
		BD93FC211E9733B3006834F1 /* Build configuration list for PBXNativeTarget "TodayToEatTests" */ = {
			isa = XCConfigurationList;
			buildConfigurations = (
				BD93FC221E9733B3006834F1 /* Debug */,
				BD93FC231E9733B3006834F1 /* Release */,
			);
			defaultConfigurationIsVisible = 0;
			defaultConfigurationName = Release;
		};
		BD93FC241E9733B3006834F1 /* Build configuration list for PBXNativeTarget "TodayToEatUITests" */ = {
			isa = XCConfigurationList;
			buildConfigurations = (
				BD93FC251E9733B3006834F1 /* Debug */,
				BD93FC261E9733B3006834F1 /* Release */,
			);
			defaultConfigurationIsVisible = 0;
			defaultConfigurationName = Release;
		};
/* End XCConfigurationList section */

/* Begin XCVersionGroup section */
		BD27F30F1EA491FA00490CC0 /* collectionFood.xcdatamodeld */ = {
			isa = XCVersionGroup;
			children = (
				BD27F3101EA491FA00490CC0 /* collectionFood.xcdatamodel */,
			);
			currentVersion = BD27F3101EA491FA00490CC0 /* collectionFood.xcdatamodel */;
			path = collectionFood.xcdatamodeld;
			sourceTree = "<group>";
			versionGroupType = wrapper.xcdatamodel;
		};
/* End XCVersionGroup section */
	};
	rootObject = BD93FBEE1E9733B3006834F1 /* Project object */;
}
